version = 1
revision = 3
requires-python = ">=3.13"

[manifest]
members = [
    "pyslothpu16-core",
    "pyslothpu16-emulator",
    "pyslothpu16-workspace",
]

[[package]]
name = "bitarray"
version = "3.11.0"
source = { registry = "https://pypi.org/simple" }
sdist = { url = "https://files.pythonhosted.org/packages/04/f7/6765577df59e2345036e435f7e983e1c291d67b7d76a51918eff04ad1494/bitarray-3.11.0.tar.gz", hash = "sha256:bf19437ec00ec3d40aef82eaeedc14cf4000be9b635c4f5049796506e6630dd8", size = 174911, upload-time = "2026-09-01T15:21:52.076Z" }
wheels = [
    { url = "https://files.pythonhosted.org/packages/2d/3d/578c4b63b3c1f206dfe7f7f60e941ca2d0aafd9da43943c076c01e976ec0/bitarray-3.11.0-cp313-cp313-macosx_10_13_x86_64.whl", hash = "sha256:ac322a81c3c938c13093d8d77c419093f50118c29fbfa9eb80813d93af1a2d95", size = 170422, upload-time = "2026-09-01T15:20:24.673Z" },
    { url = "https://files.pythonhosted.org/packages/9a/30/3f982be25cf0c858351490b6d0cf6168e8668bb81e3daac25d8a3b2b8e44/bitarray-3.11.0-cp313-cp313-macosx_11_0_arm64.whl", hash = "sha256:ece8caff2fb31d6c69430d3dfc0efff70083e66b012f7f5de60cfe5dca98ba87", size = 166475, upload-time = "2026-09-01T15:20:25.649Z" },
    { url = "https://files.pythonhosted.org/packages/78/ad/f94c267873f0c80705dcef602af0a8d3f42838197e8fff01033f2a8084c9/bitarray-3.11.0-cp313-cp313-manylinux2014_aarch64.manylinux_2_17_aarch64.manylinux_2_28_aarch64.whl", hash = "sha256:962dc3e5622a08bb1c1ad429a9f7dace7efadd7fef1fcdf1628a6db142333256", size = 381856, upload-time = "2026-09-01T15:20:26.799Z" },
    { url = "https://files.pythonhosted.org/packages/0d/ce/e9ba5d080302c4d6fa269bccc7ad6ed4a5ad36a1dc75baae334714bbc183/bitarray-3.11.0-cp313-cp313-manylinux2014_ppc64le.manylinux_2_17_ppc64le.manylinux_2_28_ppc64le.whl", hash = "sha256:de25b8c76fe9fe7d9c6bce2832096f020133e1d21e2841abd7280937bf90e56e", size = 405246, upload-time = "2026-09-01T15:20:27.888Z" },
    { url = "https://files.pythonhosted.org/packages/56/4c/cce77df63010304704eb802d884d9b11c84f63a02d7c4081a41225e25343/bitarray-3.11.0-cp313-cp313-manylinux2014_s390x.manylinux_2_17_s390x.manylinux_2_28_s390x.whl", hash = "sha256:86dfaab663a2ad16ed2f6252116cf034cfc84282aa744f19a9a66542e85c9ca9", size = 420083, upload-time = "2026-09-01T15:20:29.213Z" },
    { url = "https://files.pythonhosted.org/packages/8f/1f/2c7b1a995af9814b6ec5ee69333a0a6131924ed0f3f10ffbd73c22c0a6ad/bitarray-3.11.0-cp313-cp313-manylinux2014_x86_64.manylinux_2_17_x86_64.manylinux_2_28_x86_64.whl", hash = "sha256:5605c8e74f95f77dd1b93c8c83d6fefe0d41d2704683d4a72152ca5284e2546d", size = 385572, upload-time = "2026-09-01T15:20:30.604Z" },
    { url = "https://files.pythonhosted.org/packages/36/58/53845d1ddbe6077b61e7f39f586f7f35f18ce7dc47f178331e4fd64f59e1/bitarray-3.11.0-cp313-cp313-musllinux_1_2_aarch64.whl", hash = "sha256:d62e73fcdd273d07b1e9699de0e66e4d367b28c554c86bfe7c92029337c2a414", size = 379323, upload-time = "2026-09-01T15:20:31.69Z" },
    { url = "https://files.pythonhosted.org/packages/06/66/b67544886466ede3d26e58c43d9841cc427d4fdcd81ded4087313687241a/bitarray-3.11.0-cp313-cp313-musllinux_1_2_ppc64le.whl", hash = "sha256:9808734d1e5fd2839660a9db1abfe93e9d64b2aa9ed59aa480193ad93e8d620e", size = 402087, upload-time = "2026-09-01T15:20:33.113Z" },
    { url = "https://files.pythonhosted.org/packages/93/a7/4ffc5984f3f4a12458adbceff60def49752f74807945771428f97694aec0/bitarray-3.11.0-cp313-cp313-musllinux_1_2_s390x.whl", hash = "sha256:8b77aa18131418b869be882df1c5e229fb02f90861783bbe638d9ebe296e9209", size = 401000, upload-time = "2026-09-01T15:20:34.658Z" },
    { url = "https://files.pythonhosted.org/packages/e8/15/2d5dd4107e49b2c0040bc9cc48ee5af7f45772fedae3bc54fa987aeeedf2/bitarray-3.11.0-cp313-cp313-musllinux_1_2_x86_64.whl", hash = "sha256:d084fa59c94d3fec7eac6793e08162fa697aa4e70b9f519618c29d3e54eda752", size = 382431, upload-time = "2026-09-01T15:20:36.013Z" },
    { url = "https://files.pythonhosted.org/packages/4d/8b/8d95483688bcf297654c87b65ef1847fad794adb083d294da65ac275d4fc/bitarray-3.11.0-cp313-cp313-win32.whl", hash = "sha256:387b64dc54be3732a0988bf3731fc06d7d4f52dc9470d1a5479e8ce2b67d368b", size = 160760, upload-time = "2026-09-01T15:20:37.241Z" },
    { url = "https://files.pythonhosted.org/packages/d2/9b/b10ebf5e9a479815d2d54908617c0c55b255965389d3132927c9cd9ccf86/bitarray-3.11.0-cp313-cp313-win_amd64.whl", hash = "sha256:b4afbb464a1db2d37858bd3b87bd59a76b4aae5e29ec007a9fd00bf5a911e1da", size = 171278, upload-time = "2026-09-01T15:20:38.646Z" },
    { url = "https://files.pythonhosted.org/packages/16/3a/b0a29fc2379c567eb49730022c5913ad85b2f9ccda1b841737f756e1fb87/bitarray-3.11.0-cp313-cp313-win_arm64.whl", hash = "sha256:36da946f64e10e28b23f345fde90f4d14e9c2e9013364fe04d9b2013e7291285", size = 166426, upload-time = "2026-09-01T15:20:39.862Z" },
    { url = "https://files.pythonhosted.org/packages/45/0d/304537f7d1c70a64ee862f6f64ffb94a8869a6214c9d7fc2eca17b72c1c3/bitarray-3.11.0-cp314-cp314-macosx_10_13_x86_64.whl", hash = "sha256:c231217ef0ec0352d9327eaa61c0ab26252ad6b9a90002365f603470869a48d2", size = 170402, upload-time = "2026-09-01T15:20:40.963Z" },
    { url = "https://files.pythonhosted.org/packages/a5/5e/2f9068db6f9efd4ac473e836d23392c4f94417908b2fbaa28acb2b9332a5/bitarray-3.11.0-cp314-cp314-macosx_11_0_arm64.whl", hash = "sha256:52e3cfb4fb883a81c80b14e9286030e9417627223d30e81e1397cd39f338aaf4", size = 166710, upload-time = "2026-09-01T15:20:42.208Z" },
    { url = "https://files.pythonhosted.org/packages/cc/4c/d4c6bf15064163365faeacf94b562f117d44eaed84699933da8b0548aec9/bitarray-3.11.0-cp314-cp314-manylinux2014_aarch64.manylinux_2_17_aarch64.manylinux_2_28_aarch64.whl", hash = "sha256:403800cb9108b215b409c41b1c29be75c291813f40ba5db9099ca10294cc7648", size = 381685, upload-time = "2026-09-01T15:20:43.338Z" },
    { url = "https://files.pythonhosted.org/packages/50/2f/4ec1602a2360d28b12c886b26d65551e412ff883733536897aea16f33051/bitarray-3.11.0-cp314-cp314-manylinux2014_ppc64le.manylinux_2_17_ppc64le.manylinux_2_28_ppc64le.whl", hash = "sha256:3f87ce5c81d7f4a54b360731f8816c0106e9dc64ef4a2c4b9821840cf3e90791", size = 405286, upload-time = "2026-09-01T15:20:44.804Z" },
    { url = "https://files.pythonhosted.org/packages/6d/37/5db8074f92eab2adeeb79f7199c84ee0cb147091351f16cbe0c36c6b1e55/bitarray-3.11.0-cp314-cp314-manylinux2014_s390x.manylinux_2_17_s390x.manylinux_2_28_s390x.whl", hash = "sha256:4b38439576ba0074ee454f1289396f51ffe1713b8a1077820be555bd5de0b737", size = 419459, upload-time = "2026-09-01T15:20:46.195Z" },
    { url = "https://files.pythonhosted.org/packages/c8/0c/41be0d828047ad1eb4eac6fb797de530e0fbcf7a063f2cf28736b55b1616/bitarray-3.11.0-cp314-cp314-manylinux2014_x86_64.manylinux_2_17_x86_64.manylinux_2_28_x86_64.whl", hash = "sha256:f5c5f9b79689a6826a4d4dd912506028538b672fc93533d0b2b6247406751e54", size = 385112, upload-time = "2026-09-01T15:20:47.592Z" },
    { url = "https://files.pythonhosted.org/packages/ba/c1/db6aacd25012850f9bfc5c7d75795f422dfe64402b51e2060e234dbda311/bitarray-3.11.0-cp314-cp314-musllinux_1_2_aarch64.whl", hash = "sha256:d66597cdffaffe106f057874c9e95e4f84c4ee701a271b6213325ebd423ce13b", size = 379199, upload-time = "2026-09-01T15:20:48.733Z" },
    { url = "https://files.pythonhosted.org/packages/1b/4b/687726f642f99838c6ee73274f92cd4e1b6c1c54ab0d3a6f22f39c5d00de/bitarray-3.11.0-cp314-cp314-musllinux_1_2_ppc64le.whl", hash = "sha256:18e93f9822deca48eaa584b2bd3b165bb6e217f7e9b9538a3fb048ac1ae13ba2", size = 402259, upload-time = "2026-09-01T15:20:50.228Z" },
    { url = "https://files.pythonhosted.org/packages/cd/b6/e0901fa042acb68660f5e8c7878c2a224edf3b302c285b407b0c0d2cb279/bitarray-3.11.0-cp314-cp314-musllinux_1_2_s390x.whl", hash = "sha256:db35aa7cc2f236d8bef09da1a67fe145e376b7ca5f95195dd6fc9dcd82cc4ce2", size = 400606, upload-time = "2026-09-01T15:20:51.959Z" },
    { url = "https://files.pythonhosted.org/packages/c2/a3/5660a10d58e26684b3fa146c6d13738b43531d31c53a15e7fb15cf0f15e3/bitarray-3.11.0-cp314-cp314-musllinux_1_2_x86_64.whl", hash = "sha256:8d3763f5061d890c522ee7a16c42c7fedbd114d8a031f6121471504704a70253", size = 382065, upload-time = "2026-09-01T15:20:53.604Z" },
    { url = "https://files.pythonhosted.org/packages/81/5b/eeddc9f25f87089e1130736ce76cdb83472ee5b7ec661ce3699a90a7dfd8/bitarray-3.11.0-cp314-cp314-win32.whl", hash = "sha256:cccc658d26c464409c46b9c41028a1c3c5da90bec6e7330c69a646f34199451a", size = 159567, upload-time = "2026-09-01T15:20:55.079Z" },
    { url = "https://files.pythonhosted.org/packages/0c/6c/b3ba8c2a16b27e15fa1cacfef5fe26c9fe46009d87ffe8ff5fb2ff2bade5/bitarray-3.11.0-cp314-cp314-win_amd64.whl", hash = "sha256:e5efe99e2525d288eeeb5f71a026a2d5280702f73c835a2bac58f2932adf6af9", size = 170299, upload-time = "2026-09-01T15:20:56.259Z" },
    { url = "https://files.pythonhosted.org/packages/cb/3b/9ccbe425391b45b9be6c9fbbf47e6282d4c4a493fb54cd3d9173325ceef8/bitarray-3.11.0-cp314-cp314-win_arm64.whl", hash = "sha256:04eb0d6c554e8769c492da71ef503fa955c1b078676b6a44d7e8d5e0808e53a8", size = 165837, upload-time = "2026-09-01T15:20:57.369Z" },
    { url = "https://files.pythonhosted.org/packages/b4/ce/d59d334f75828a23d63fd6683ecac7586acf54c451a805f165c1e03f67e3/bitarray-3.11.0-cp314-cp314t-macosx_10_13_x86_64.whl", hash = "sha256:fbd3da71fcc23143f901a2c7698f3a10017ec8f1d0f7740b6854e907f860cb04", size = 173516, upload-time = "2026-09-01T15:20:58.568Z" },
    { url = "https://files.pythonhosted.org/packages/8a/b4/f48ad58cdb839a4671ad3b7047c87e644373116d1783a53b980df58bda8a/bitarray-3.11.0-cp314-cp314t-macosx_11_0_arm64.whl", hash = "sha256:12249fecc687925e29a7879d8705a0af49305e5e3c7d5fe694586a2e6704ec0c", size = 169991, upload-time = "2026-09-01T15:20:59.741Z" },
    { url = "https://files.pythonhosted.org/packages/a2/1d/94a2b18c630c2c7c584628a3a6a5a553105685053b4cf42b35be61f59e4f/bitarray-3.11.0-cp314-cp314t-manylinux2014_aarch64.manylinux_2_17_aarch64.manylinux_2_28_aarch64.whl", hash = "sha256:fb7ad4e6ee69cf53f12bdb7b306964dcdf8d58c20180c8d841eba029fc7b4847", size = 399261, upload-time = "2026-09-01T15:21:00.991Z" },
    { url = "https://files.pythonhosted.org/packages/a7/9b/a1ae98f605f70986e657337f794ba55c951b716a1258994b2fcb239aeaf7/bitarray-3.11.0-cp314-cp314t-manylinux2014_ppc64le.manylinux_2_17_ppc64le.manylinux_2_28_ppc64le.whl", hash = "sha256:ff7cd750397eb61cb43bd368a4e1f7ce8897ab3bd26e7e5b90a60ec339588df0", size = 421779, upload-time = "2026-09-01T15:21:02.727Z" },
    { url = "https://files.pythonhosted.org/packages/da/0a/c0ddb4f07c6ce3d1d291e70764726579014cb053947baef4f25f29847073/bitarray-3.11.0-cp314-cp314t-manylinux2014_s390x.manylinux_2_17_s390x.manylinux_2_28_s390x.whl", hash = "sha256:bca7decc355277a7bc4fb315e90d557341c1e0558488f6dcd2101fd410db6307", size = 435516, upload-time = "2026-09-01T15:21:04.668Z" },
    { url = "https://files.pythonhosted.org/packages/19/64/49c3a00cdc50f493c6602412d55c8d23f45456c24ce396ce98c9afdeeea2/bitarray-3.11.0-cp314-cp314t-manylinux2014_x86_64.manylinux_2_17_x86_64.manylinux_2_28_x86_64.whl", hash = "sha256:386503399eec57cbfa73d63509315e557460ac20e2e12efb29c4163f171bdae6", size = 401726, upload-time = "2026-09-01T15:21:05.971Z" },
    { url = "https://files.pythonhosted.org/packages/cc/20/dff72ab5b0d4ca0e0e17f1d8a7eeca1056694530d8ee1c07786608a0fd03/bitarray-3.11.0-cp314-cp314t-musllinux_1_2_aarch64.whl", hash = "sha256:24122b069859bf99d50ae785f56deb0e97dd53d60bf2b47db5954d48cce84e97", size = 395621, upload-time = "2026-09-01T15:21:07.181Z" },
    { url = "https://files.pythonhosted.org/packages/76/04/ee178b856b464bee6ce440ef3bba650d353b8f61739dac9c515b4db763d3/bitarray-3.11.0-cp314-cp314t-musllinux_1_2_ppc64le.whl", hash = "sha256:769d93669a90e33282eaccb33537a4a80b314e476ed16fc986e0148bcc72ceb3", size = 418361, upload-time = "2026-09-01T15:21:08.554Z" },
    { url = "https://files.pythonhosted.org/packages/71/c4/8bc1d4773811bee5ea2a90ab5c0a9ff5136b92e8c709bd44843fedf180c6/bitarray-3.11.0-cp314-cp314t-musllinux_1_2_s390x.whl", hash = "sha256:c1019995c19fdfbf53226d8c8af95523fbd9c74f5c375ccc0673ccf39eb14c31", size = 416267, upload-time = "2026-09-01T15:21:10.232Z" },
    { url = "https://files.pythonhosted.org/packages/e9/64/58dc0380dc1e2251d317866795eff06b66411be93bff0e6c515ee9940764/bitarray-3.11.0-cp314-cp314t-musllinux_1_2_x86_64.whl", hash = "sha256:b2e67fb3527d15b32b641dd2c3bd15eceb3407877d717e06ef98b60792606e1d", size = 397717, upload-time = "2026-09-01T15:21:11.572Z" },
    { url = "https://files.pythonhosted.org/packages/a1/21/c4a80e51de940e92cd6c495ba8721689528a2ed341214e3315b98936b1b6/bitarray-3.11.0-cp314-cp314t-win32.whl", hash = "sha256:22befa4557bddcc4bbb9e565ae73635b6d7abdefc35a3fa784b9d534f86e6605", size = 162893, upload-time = "2026-09-01T15:21:12.758Z" },
    { url = "https://files.pythonhosted.org/packages/9e/e1/2b196b35a23940927f356cf3fa05940fcba80375004428196cea78e54777/bitarray-3.11.0-cp314-cp314t-win_amd64.whl", hash = "sha256:7d1c46e15d426d88420877a8a56aeb70fa5487c53c42185937254bbc076d3af8", size = 173887, upload-time = "2026-09-01T15:21:14.601Z" },
    { url = "https://files.pythonhosted.org/packages/81/38/dee63b46edc4b55e8b84dfdb014f57c3683808575727f725eff30402526a/bitarray-3.11.0-cp314-cp314t-win_arm64.whl", hash = "sha256:b1fb6d974e70eb5d4b5845fb890024154a85017f2101d11681c3836332cc0cbb", size = 169108, upload-time = "2026-09-01T15:21:15.977Z" },
]

[[package]]
name = "colorama"
version = "0.4.6"
source = { registry = "https://pypi.org/simple" }
sdist = { url = "https://files.pythonhosted.org/packages/d8/53/6f443c9a4a8358a93a6792e2acffb9d9d5cb0a5cfd8802644b7b1c9a02e4/colorama-0.4.6.tar.gz", hash = "sha256:08695f5cb7ed6e0531a20572697297273c47b8cae5a63ffc6d6ed5c201be6e44", size = 27697, upload-time = "2022-10-25T02:36:22.414Z" }
wheels = [
    { url = "https://files.pythonhosted.org/packages/d1/d6/3965ed04c63042e047cb6a3e6ed1a63a35087b6a609aa3a15ed8ac56c221/colorama-0.4.6-py2.py3-none-any.whl", hash = "sha256:4f1d9991f5acc0ca119f9d443620b77f9d6b33703e51011c16baf57afb285fc6", size = 25335, upload-time = "2022-10-25T02:36:20.889Z" },
]

[[package]]
name = "iniconfig"
version = "2.3.0"
source = { registry = "https://pypi.org/simple" }
sdist = { url = "https://files.pythonhosted.org/packages/72/34/14ca021ce8e5dfedc35312d08ba8bf51fdd999c576889fc2c24cb97f4f10/iniconfig-2.3.0.tar.gz", hash = "sha256:c76315c77db068650d49c5b56314774a7804df16fee4402c1f19d6d15d8c4730", size = 20503, upload-time = "2025-10-18T21:55:43.219Z" }
wheels = [
    { url = "https://files.pythonhosted.org/packages/cb/b1/3846dd7f199d53cb17f49cba7e651e9ce294d8497c8c150530ed11865bb8/iniconfig-2.3.0-py3-none-any.whl", hash = "sha256:f631c04d2c48c52b84d0d0549c99ff3859c98df65b3101406327ecc7d53fbf12", size = 7484, upload-time = "2025-10-18T21:55:41.639Z" },
]

[[package]]
name = "packaging"
version = "26.3"
source = { registry = "https://pypi.org/simple" }
sdist = { url = "https://files.pythonhosted.org/packages/7d/fa/3944b40b07da9ce895c0e6303a5ab7d53da063554f534556b134a54d6093/packaging-26.3.tar.gz", hash = "sha256:94edc256424af38762eb31306eed28beb9f0efc50a8837492c9d6fd6004aed79", size = 313412, upload-time = "2026-08-04T18:15:28.737Z" }
wheels = [
    { url = "https://files.pythonhosted.org/packages/63/34/ba1c580383c9eada3711951fef0795c80b829a078d72188184bcab9dd527/packaging-26.3-py3-none-any.whl", hash = "sha256:d7193f7c8e4e93f444fde0262bf90af30e16fa0ad0ad44cb553c87339b23cd1c", size = 129956, upload-time = "2026-08-04T18:15:27.159Z" },
]

[[package]]
name = "pluggy"
version = "1.6.0"
source = { registry = "https://pypi.org/simple" }
sdist = { url = "https://files.pythonhosted.org/packages/f9/e2/3e91f31a7d2b083fe6ef3fa267035b518369d9511ffab804f839851d2779/pluggy-1.6.0.tar.gz", hash = "sha256:7dcc130b76258d33b90f61b658791dede3486c3e6bfb003ee5c9bfb396dd22f3", size = 69412, upload-time = "2025-05-15T12:30:07.975Z" }
wheels = [
    { url = "https://files.pythonhosted.org/packages/54/20/4d324d65cc6d9205fabedc306948156824eb9f0ee1633355a8f7ec5c66bf/pluggy-1.6.0-py3-none-any.whl", hash = "sha256:e920276dd6813095e9377c0bc5566d94c932c33b27a3e3945d8389c374dd4746", size = 20538, upload-time = "2025-05-15T12:30:06.134Z" },
]

[[package]]
name = "pygments"
version = "2.21.0"
source = { registry = "https://pypi.org/simple" }
sdist = { url = "https://files.pythonhosted.org/packages/49/2e/ced460408999b33da6b31b0021b0f37d329e202d4169aeb164493778f25b/pygments-2.21.0.tar.gz", hash = "sha256:610ca751c9bc2492b38eb9a38a7fbc93edbbb2d7182edaf34e66ae493dee5c8c", size = 5005329, upload-time = "2026-08-17T08:02:48.824Z" }
wheels = [
    { url = "https://files.pythonhosted.org/packages/71/46/17f022dd3e953bf20a04a028a21ec746d942f8d2af30fa0f124fa0e6a684/pygments-2.21.0-py3-none-any.whl", hash = "sha256:2363c69b61c4a97c838da3b130dcd6468f4848992b21a82f2a63ec34377137d9", size = 1250147, upload-time = "2026-08-17T08:02:44.912Z" },
]

[[package]]
name = "pyslothpu16-core"
version = "0.1.0"
source = { editable = "packages/pyslothpu16-core" }

[[package]]
name = "pyslothpu16-emulator"
version = "0.1.0"
source = { editable = "packages/pyslothpu16-emulator" }
dependencies = [
    { name = "bitarray" },
    { name = "pyslothpu16-core" },
]

[package.metadata]
requires-dist = [
    { name = "bitarray" },
    { name = "pyslothpu16-core", editable = "packages/pyslothpu16-core" },
]

[[package]]
name = "pyslothpu16-workspace"
version = "0.0.1.dev0"
source = { virtual = "." }

[package.dev-dependencies]
dev = [
    { name = "pyslothpu16-core" },
    { name = "pyslothpu16-emulator" },
    { name = "pytest" },
    { name = "ruff" },
    { name = "ty" },
]

[package.metadata]

[package.metadata.requires-dev]
dev = [
    { name = "pyslothpu16-core", editable = "packages/pyslothpu16-core" },
    { name = "pyslothpu16-emulator", editable = "packages/pyslothpu16-emulator" },
    { name = "pytest", specifier = ">=8" },
    { name = "ruff", specifier = "==0.16.8" },
    { name = "ty" },
]

[[package]]
name = "pytest"
version = "9.1.1"
source = { registry = "https://pypi.org/simple" }
dependencies = [
    { name = "colorama", marker = "sys_platform == 'win32'" },
    { name = "iniconfig" },
    { name = "packaging" },
    { name = "pluggy" },
    { name = "pygments" },
]
sdist = { url = "https://files.pythonhosted.org/packages/e4/47/b9efed96c114afcfa3c9d3fe98a76a1d14c74a9e266d397cf6eb64be5e01/pytest-9.1.1.tar.gz", hash = "sha256:1088fbde8f2b49d95a549a195707afa7a76a3ce9bcadc26b6d71f0ffda5fe313", size = 1636369, upload-time = "2026-06-19T10:58:32.857Z" }
wheels = [
    { url = "https://files.pythonhosted.org/packages/24/25/1de2678b631f5a49215c6c96fff41ba892b0a34df68d6d80292b1b48aa7f/pytest-9.1.1-py3-none-any.whl", hash = "sha256:37a86b45efb9a47a61a36449063e8e18d0cab3161329fc099eb21783169c4f0c", size = 386536, upload-time = "2026-06-19T10:58:31.347Z" },
]

[[package]]
name = "ruff"
version = "0.16.8"
source = { registry = "https://pypi.org/simple" }
sdist = { url = "https://files.pythonhosted.org/packages/ba/78/449cb84790bd5cc3823b2652ee405a4558856e5c4195aee3a16bf7b3eb5d/ruff-0.16.8.tar.gz", hash = "sha256:9247bf92b5f04d825c8639a4fe423ec2e4222acd9222e58412b0dab7e442798b", size = 4938814, upload-time = "2026-09-16T15:54:46.688Z" }
wheels = [
    { url = "https://files.pythonhosted.org/packages/ac/25/6071aabc530e9be7e2c195e8fe3f7aea2735405b6cf447212832d7811831/ruff-0.16.8-py3-none-linux_armv6l.whl", hash = "sha256:6ffbd6d87383c1edf5f6fa890f10200950240d7c1a16052a19a09d3a2307dd38", size = 10048966, upload-time = "2026-09-16T15:53:57.605Z" },
    { url = "https://files.pythonhosted.org/packages/54/98/07f90ecbc74dd5fb5764f11f2bc774d6a7cffef92d2ff5f5b4e9e23c754e/ruff-0.16.8-py3-none-macosx_10_12_x86_64.whl", hash = "sha256:42ed6b878ed61e3acca92f2730a17acff39286944ea82398544696366a6f925e", size = 10165498, upload-time = "2026-09-16T15:54:01.14Z" },
    { url = "https://files.pythonhosted.org/packages/fe/1f/e6a712e3b47cad4a40600134105ed193cb773f618a42eb7ba323cb812cc0/ruff-0.16.8-py3-none-macosx_11_0_arm64.whl", hash = "sha256:7ea781c7f2afba8c6a505ea0fb3f994020249e0c450635f5381286fea6b46170", size = 9830004, upload-time = "2026-09-16T15:54:03.998Z" },
    { url = "https://files.pythonhosted.org/packages/23/f2/311a08776d75d81c7676e20b6b020ae63cbe881fcdc7a8dd64e6e18bdd93/ruff-0.16.8-py3-none-manylinux_2_17_aarch64.manylinux2014_aarch64.whl", hash = "sha256:8efeae3bbe414a5efefda11a792dfb51ef90ac48d50c4830de2f644caf3e8659", size = 9986558, upload-time = "2026-09-16T15:54:06.804Z" },
    { url = "https://files.pythonhosted.org/packages/f3/ed/37b6cb3d3ba8c73e68ae3eb1d502383beb5aa05a582bb7bb3a922f929f54/ruff-0.16.8-py3-none-manylinux_2_17_armv7l.manylinux2014_armv7l.whl", hash = "sha256:3a79b795469fef7fc6e908b218eed2eb17332afd85031db6480dc864560e69b2", size = 9877332, upload-time = "2026-09-16T15:54:09.552Z" },
    { url = "https://files.pythonhosted.org/packages/22/cc/40873a8f36ad084cc540d55fcca7077264d5b13b24659e9180c176fb2b08/ruff-0.16.8-py3-none-manylinux_2_17_i686.manylinux2014_i686.whl", hash = "sha256:3fdc5563cdc50555e6fba39322850860e9267c1b3d12c26a74729d8604c3c812", size = 10507125, upload-time = "2026-09-16T15:54:12.152Z" },
    { url = "https://files.pythonhosted.org/packages/c3/e4/fc91a642b78ccbab6b9477720f3644ae7a10a9bcce69a934679cd64f62bc/ruff-0.16.8-py3-none-manylinux_2_17_ppc64le.manylinux2014_ppc64le.whl", hash = "sha256:34508983c70665578dab88f5223d8e6228307e1135398ca8bfc8b7e9501e282b", size = 11336694, upload-time = "2026-09-16T15:54:15.489Z" },
    { url = "https://files.pythonhosted.org/packages/c2/3d/bbd2a9a600a4e73dc3e7548a249c8d1671273464b55822c6fae50f602dff/ruff-0.16.8-py3-none-manylinux_2_17_s390x.manylinux2014_s390x.whl", hash = "sha256:644bb578569e0ffc575741232bd385dacdd6fbe123f1a729e7a225f54aa3957f", size = 10774448, upload-time = "2026-09-16T15:54:18.16Z" },
    { url = "https://files.pythonhosted.org/packages/1a/41/d83af9879a7b6e8bf5fe16b1da0b134049d2f5d3afac12defb0897cb84bd/ruff-0.16.8-py3-none-manylinux_2_17_x86_64.manylinux2014_x86_64.whl", hash = "sha256:15e7d226246961db9235098333caa13063906d3851136b84c2900b82f5daa1df", size = 10323796, upload-time = "2026-09-16T15:54:20.743Z" },
    { url = "https://files.pythonhosted.org/packages/f5/2c/cefd07bfe914b84943ea769ade8d607bd22750b965d3228eefd7cebd15d0/ruff-0.16.8-py3-none-manylinux_2_31_riscv64.whl", hash = "sha256:a2bf6bc3e9ebdd4449abc6f06cf64b98051a2c61cf94d2fe9596518c881f1a1e", size = 10514115, upload-time = "2026-09-16T15:54:23.497Z" },
    { url = "https://files.pythonhosted.org/packages/f3/9d/76a2e26c79a23be6e6e3664c57bec9e9fc8de155cfb9e4b67ea91b64f9d7/ruff-0.16.8-py3-none-musllinux_1_2_aarch64.whl", hash = "sha256:6ca111ba0849539165e9e59d2b442542f3c1e8060ebbdea82494f1ffbccb1e1f", size = 10072582, upload-time = "2026-09-16T15:54:26.185Z" },
    { url = "https://files.pythonhosted.org/packages/2e/d4/f42edddb39668af1a559ceafa3823aedd65633a48dc9768e775485faa2c1/ruff-0.16.8-py3-none-musllinux_1_2_armv7l.whl", hash = "sha256:359a1e5b495448ee1e91018064382ebc86f90e8aac2fed222c7d0e4e8df85fd2", size = 9879644, upload-time = "2026-09-16T15:54:29.278Z" },
    { url = "https://files.pythonhosted.org/packages/f8/d4/913e3195d95e0378786c6656945c865f534a3560e29139da4882aff630d1/ruff-0.16.8-py3-none-musllinux_1_2_i686.whl", hash = "sha256:59e8f5681349474110b24d62e93cfda6593f5fa3473446ca3705200cac1a08b9", size = 10231569, upload-time = "2026-09-16T15:54:32.036Z" },
    { url = "https://files.pythonhosted.org/packages/2b/c4/8aa6ea0bdcedbd1bf87397e2fc4ed8406448ea5842f8660bc6e5f163039d/ruff-0.16.8-py3-none-musllinux_1_2_x86_64.whl", hash = "sha256:efa3e7a16d1baaa79957888dfdf8be9ef2e44db81cb032af06d76632ab59e773", size = 10663666, upload-time = "2026-09-16T15:54:34.838Z" },
    { url = "https://files.pythonhosted.org/packages/3d/02/7f10ef4700bc223c30a3fdd10631a29830c45524b810a3c7ed947af64591/ruff-0.16.8-py3-none-win32.whl", hash = "sha256:55793ba85c69921e89be061426d91a78652d6e50317c962240922747a4eb713f", size = 10093472, upload-time = "2026-09-16T15:54:37.47Z" },
    { url = "https://files.pythonhosted.org/packages/1e/5d/a509c07d714b6da88f2c518b4637cf6f1d46b074be8f0f1e5fb9ff5126fe/ruff-0.16.8-py3-none-win_amd64.whl", hash = "sha256:a6b85621fd3c81e31fc5f5add09c9c078b430db3595ca632efafdec9e64ebfaa", size = 10586899, upload-time = "2026-09-16T15:54:40.488Z" },
    { url = "https://files.pythonhosted.org/packages/fe/a0/50787329e4f20bf9dc9f6230015d46ec69c51a97ace5bc202dae4755365d/ruff-0.16.8-py3-none-win_arm64.whl", hash = "sha256:d075e820af612102ce217f07cc93e69f9490b10ec13ea85fa87bd03d996cef8a", size = 10386316, upload-time = "2026-09-16T15:54:43.332Z" },
]

[[package]]
name = "ty"
version = "0.0.84"
source = { registry = "https://pypi.org/simple" }
sdist = { url = "https://files.pythonhosted.org/packages/e1/f6/34f8869c45ea87fe6a931ffa824b1fe4428167173543d92988d631add355/ty-0.0.84.tar.gz", hash = "sha256:0cefdb0cd5d399418dbe83c349ba605047b7dff815ae6f460c80e8522b40be67", size = 7409537, upload-time = "2026-09-24T13:16:24.367Z" }
wheels = [
    { url = "https://files.pythonhosted.org/packages/aa/0c/600648778e1c79133ce6b6a5c4c2531ae16b90c9b30f5041b38b574f61b8/ty-0.0.84-py3-none-linux_armv6l.whl", hash = "sha256:868438e2b9abfc835dd5b5b07ed693db95d8348ac40e3228252511d63ae87695", size = 13935333, upload-time = "2026-09-24T13:15:31.167Z" },
    { url = "https://files.pythonhosted.org/packages/c5/3b/27f06f49945c36170765fad82076898039ae3873338e9865f876dd62f12c/ty-0.0.84-py3-none-macosx_10_12_x86_64.whl", hash = "sha256:b00f39b521f0b559cde0f6abf8dd47213b513b04f33d58efeb9b98486a16bb17", size = 13511328, upload-time = "2026-09-24T13:15:34.446Z" },
    { url = "https://files.pythonhosted.org/packages/fc/b6/b12dd130e7f30141f0645614f454c925991cd389b1cc6c8284fd6bf32326/ty-0.0.84-py3-none-macosx_11_0_arm64.whl", hash = "sha256:8f78c2915567f2ee62ce0c24d86091bc76f81577677755e242d09951db588b9a", size = 13445445, upload-time = "2026-09-24T13:15:37.476Z" },
    { url = "https://files.pythonhosted.org/packages/44/96/f012de4b3c1d9a4773326621380d768b4d48c47e620dc012775c5e01c7d7/ty-0.0.84-py3-none-manylinux_2_17_aarch64.manylinux2014_aarch64.whl", hash = "sha256:61155cad0921e890d86d1d911a40b3a0e924ef4bdc3b4f3865a6c89c7e3012dc", size = 13471235, upload-time = "2026-09-24T13:15:40.64Z" },
    { url = "https://files.pythonhosted.org/packages/05/32/dca630f5f5353fa7bf67eebccf1549df99b16656d21071d0df6677c826a5/ty-0.0.84-py3-none-manylinux_2_17_armv7l.manylinux2014_armv7l.whl", hash = "sha256:417c3bf14947ed16b0b92976ab333c27915590354e96d4f581709068d3811355", size = 13680704, upload-time = "2026-09-24T13:15:43.817Z" },
    { url = "https://files.pythonhosted.org/packages/44/8d/33702c8f62f05ad45b33644fb914d483de6a0a7bc8e51884e9b8773e6d69/ty-0.0.84-py3-none-manylinux_2_17_i686.manylinux2014_i686.whl", hash = "sha256:e06ef117759f654f5379efe9ae79bda8a186016c016f1023d05c34f8e15c1546", size = 14518923, upload-time = "2026-09-24T13:15:46.802Z" },
    { url = "https://files.pythonhosted.org/packages/c8/a1/da3246e6ef2ae0e842bca4058b25c54bee55ab058ffff4ee54e72517ec01/ty-0.0.84-py3-none-manylinux_2_17_ppc64le.manylinux2014_ppc64le.whl", hash = "sha256:a05d1d53db8b64410ab38c6e32c5898510584869d1d5dd9c0605db81c9aef7df", size = 15027731, upload-time = "2026-09-24T13:15:49.755Z" },
    { url = "https://files.pythonhosted.org/packages/20/17/b0099098a560aeb4f9fde6c912f9a81622c3e44e6555e1fbe322b368ec31/ty-0.0.84-py3-none-manylinux_2_17_s390x.manylinux2014_s390x.whl", hash = "sha256:b92400494ab855cfb1204ac1101e3f53b2d09a8e21d171758b2cf9acdab1809e", size = 14748260, upload-time = "2026-09-24T13:15:52.713Z" },
    { url = "https://files.pythonhosted.org/packages/60/d5/32cd67aedb271f006e716ad093806c96c5d7e2af86be8255469dbd3d76c8/ty-0.0.84-py3-none-manylinux_2_17_x86_64.manylinux2014_x86_64.whl", hash = "sha256:af17eb391ae3027fed9be1780bea555c2b8a25ba68e184c627b4981b2c9eaab7", size = 14205858, upload-time = "2026-09-24T13:15:55.677Z" },
    { url = "https://files.pythonhosted.org/packages/43/c4/638ac62ca2e8eca1b92e3e16273085744fada728b993500819b5c258ca15/ty-0.0.84-py3-none-manylinux_2_31_riscv64.whl", hash = "sha256:44cf06af0e7ec78ea6d8ff33a3450fc19627756a4fba681f7410d4e3ef63047a", size = 14573196, upload-time = "2026-09-24T13:15:59.165Z" },
    { url = "https://files.pythonhosted.org/packages/a6/f6/9ee81c5d8921e5fd5f10889ae563c95cd3272b31df2ada528919ca1cef6b/ty-0.0.84-py3-none-musllinux_1_2_aarch64.whl", hash = "sha256:c6e56b443ff9ba462e34bfbc1e582004c2719ed35f8f93a433744b0ba0afb2d9", size = 13480760, upload-time = "2026-09-24T13:16:02.313Z" },
    { url = "https://files.pythonhosted.org/packages/f6/83/fbe5d1177667ae16d84c3242846b143809c9cc09568b333e5a9b4d5908f6/ty-0.0.84-py3-none-musllinux_1_2_armv7l.whl", hash = "sha256:8b6562fcc48820c1030e2a4509ef2c14ef93043ca4860280074314ac3a825b95", size = 13696346, upload-time = "2026-09-24T13:16:05.391Z" },
    { url = "https://files.pythonhosted.org/packages/86/9a/1b4ac9ddc34cc0ab4624bc219825d66af52f1ad87f4778ad08ad03fa06d5/ty-0.0.84-py3-none-musllinux_1_2_i686.whl", hash = "sha256:dee7421451efcbd70f03e95a8f2c8d9e5ec3d35edcd27b4095ee00ee062abfc4", size = 13959410, upload-time = "2026-09-24T13:16:08.661Z" },
    { url = "https://files.pythonhosted.org/packages/c9/04/70e289437a67dfd686056ab4fd91880261a8233033a6a95d29393741fb97/ty-0.0.84-py3-none-musllinux_1_2_x86_64.whl", hash = "sha256:31e96307cf621babe969307dd657783d672e2d8bdbd06493710da635bf63fa07", size = 14350294, upload-time = "2026-09-24T13:16:11.865Z" },
    { url = "https://files.pythonhosted.org/packages/9c/f4/ae7dbd118425c850981d23efb850f0d9d7f6b8d2b852bde2767434f668b4/ty-0.0.84-py3-none-win32.whl", hash = "sha256:4bdc85f91cbaae35825f2b17bb4ac5de0563367875cb0f42b2bf07a1bf7ff2ba", size = 13176439, upload-time = "2026-09-24T13:16:15.049Z" },
    { url = "https://files.pythonhosted.org/packages/29/ec/994d87252f065dda5a500bc8afc726d18f6582d81d6f4ff1feb8a267c800/ty-0.0.84-py3-none-win_amd64.whl", hash = "sha256:71cc9aa7a7c89d4e12c6a814e9c0c3310ad5bee44efedbd6f5a42d91e9ac0f0d", size = 13962879, upload-time = "2026-09-24T13:16:18.191Z" },
    { url = "https://files.pythonhosted.org/packages/6d/1c/e6e91852b72566b1ab9aca504712857dfb89324c12092a5bd61d42d34427/ty-0.0.84-py3-none-win_arm64.whl", hash = "sha256:6c9d3718c4a0d318bc9c92af9b2aa85c3294e7dff54cf1d69ad79568f56516da", size = 13656453, upload-time = "2026-09-24T13:16:21.51Z" },
]
